
Microsoft Visual Studio Solution File, Format Version 12.00
# Visual Studio Version 17
VisualStudioVersion = 17.3.32901.215
MinimumVisualStudioVersion = 10.0.40219.1
Project("{FAE04EC0-301F-11D3-BF4B-00C04F79EFBC}") = "film otomasyonu-777", "film otomasyonu-777\film otomasyonu-777.csproj", "{514705C9-336D-4D15-B052-2B0C04939CA8}"
EndProject
Global
	GlobalSection(SolutionConfigurationPlatforms) = preSolution
		Debug|Any CPU = Debug|Any CPU
		Release|Any CPU = Release|Any CPU
	EndGlobalSection
	GlobalSection(ProjectConfigurationPlatforms) = postSolution
		{514705C9-336D-4D15-B052-2B0C04939CA8}.Debug|Any CPU.ActiveCfg = Debug|Any CPU
		{514705C9-336D-4D15-B052-2B0C04939CA8}.Debug|Any CPU.Build.0 = Debug|Any CPU
		{514705C9-336D-4D15-B052-2B0C04939CA8}.Release|Any CPU.ActiveCfg = Release|Any CPU
		{514705C9-336D-4D15-B052-2B0C04939CA8}.Release|Any CPU.Build.0 = Release|Any CPU
	EndGlobalSection
	GlobalSection(SolutionProperties) = preSolution
		HideSolutionNode = FALSE
	EndGlobalSection
	GlobalSection(ExtensibilityGlobals) = postSolution
		SolutionGuid = {1E8466B0-4F0D-4D42-8969-7B3E6DB2A70A}
	EndGlobalSection
EndGlobal
